
Microsoft Visual Studio Solution File, Format Version 12.00
# Visual Studio Version 17
VisualStudioVersion = 17.10.35013.160
MinimumVisualStudioVersion = 10.0.40219.1
Project("{9A19103F-16F7-4668-BE54-9A1E7A4F7556}") = "Web", "ShootAndShopAPI\Web.csproj", "{D24415B0-B163-4FC2-8C7D-6D0286074461}"
EndProject
Project("{FAE04EC0-301F-11D3-BF4B-00C04F79EFBC}") = "Application", "Application\Application.csproj", "{4D04EC56-1E7C-4E11-9199-B15FE492D604}"
EndProject
Project("{FAE04EC0-301F-11D3-BF4B-00C04F79EFBC}") = "Infrastructure", "Infrastructure\Infrastructure.csproj", "{51A16888-CD84-47A6-824E-FFAFB7F9BAFC}"
EndProject
Project("{FAE04EC0-301F-11D3-BF4B-00C04F79EFBC}") = "Domain", "Domain\Domain.csproj", "{00189913-2AC2-4A87-812A-C7562825C2FD}"
EndProject
Project("{2150E333-8FDC-42A3-9474-1A3956D46DE8}") = "src", "src", "{E752D0B6-37EF-418D-B594-7E4F743D43F3}"
EndProject
Project("{2150E333-8FDC-42A3-9474-1A3956D46DE8}") = "Solution Items", "Solution Items", "{1914E689-BB31-4022-94FD-872A96481339}"
EndProject
Project("{2150E333-8FDC-42A3-9474-1A3956D46DE8}") = "tests", "tests", "{7D8954E5-8C99-4984-93F1-CEDD4FC231FF}"
EndProject
Project("{FAE04EC0-301F-11D3-BF4B-00C04F79EFBC}") = "ShootAndShopAPITest", "ShootAndShopAPITest\ShootAndShopAPITest.csproj", "{D416DFA1-7528-48D0-B846-8C5328AD20F9}"
EndProject
Global
	GlobalSection(SolutionConfigurationPlatforms) = preSolution
		Debug|Any CPU = Debug|Any CPU
		Release|Any CPU = Release|Any CPU
	EndGlobalSection
	GlobalSection(ProjectConfigurationPlatforms) = postSolution
		{D24415B0-B163-4FC2-8C7D-6D0286074461}.Debug|Any CPU.ActiveCfg = Debug|Any CPU
		{D24415B0-B163-4FC2-8C7D-6D0286074461}.Debug|Any CPU.Build.0 = Debug|Any CPU
		{D24415B0-B163-4FC2-8C7D-6D0286074461}.Release|Any CPU.ActiveCfg = Release|Any CPU
		{D24415B0-B163-4FC2-8C7D-6D0286074461}.Release|Any CPU.Build.0 = Release|Any CPU
		{4D04EC56-1E7C-4E11-9199-B15FE492D604}.Debug|Any CPU.ActiveCfg = Debug|Any CPU
		{4D04EC56-1E7C-4E11-9199-B15FE492D604}.Debug|Any CPU.Build.0 = Debug|Any CPU
		{4D04EC56-1E7C-4E11-9199-B15FE492D604}.Release|Any CPU.ActiveCfg = Release|Any CPU
		{4D04EC56-1E7C-4E11-9199-B15FE492D604}.Release|Any CPU.Build.0 = Release|Any CPU
		{51A16888-CD84-47A6-824E-FFAFB7F9BAFC}.Debug|Any CPU.ActiveCfg = Debug|Any CPU
		{51A16888-CD84-47A6-824E-FFAFB7F9BAFC}.Debug|Any CPU.Build.0 = Debug|Any CPU
		{51A16888-CD84-47A6-824E-FFAFB7F9BAFC}.Release|Any CPU.ActiveCfg = Release|Any CPU
		{51A16888-CD84-47A6-824E-FFAFB7F9BAFC}.Release|Any CPU.Build.0 = Release|Any CPU
		{00189913-2AC2-4A87-812A-C7562825C2FD}.Debug|Any CPU.ActiveCfg = Debug|Any CPU
		{00189913-2AC2-4A87-812A-C7562825C2FD}.Debug|Any CPU.Build.0 = Debug|Any CPU
		{00189913-2AC2-4A87-812A-C7562825C2FD}.Release|Any CPU.ActiveCfg = Release|Any CPU
		{00189913-2AC2-4A87-812A-C7562825C2FD}.Release|Any CPU.Build.0 = Release|Any CPU
		{D416DFA1-7528-48D0-B846-8C5328AD20F9}.Debug|Any CPU.ActiveCfg = Debug|Any CPU
		{D416DFA1-7528-48D0-B846-8C5328AD20F9}.Debug|Any CPU.Build.0 = Debug|Any CPU
		{D416DFA1-7528-48D0-B846-8C5328AD20F9}.Release|Any CPU.ActiveCfg = Release|Any CPU
		{D416DFA1-7528-48D0-B846-8C5328AD20F9}.Release|Any CPU.Build.0 = Release|Any CPU
	EndGlobalSection
	GlobalSection(SolutionProperties) = preSolution
		HideSolutionNode = FALSE
	EndGlobalSection
	GlobalSection(NestedProjects) = preSolution
		{D24415B0-B163-4FC2-8C7D-6D0286074461} = {E752D0B6-37EF-418D-B594-7E4F743D43F3}
		{4D04EC56-1E7C-4E11-9199-B15FE492D604} = {E752D0B6-37EF-418D-B594-7E4F743D43F3}
		{51A16888-CD84-47A6-824E-FFAFB7F9BAFC} = {E752D0B6-37EF-418D-B594-7E4F743D43F3}
		{00189913-2AC2-4A87-812A-C7562825C2FD} = {E752D0B6-37EF-418D-B594-7E4F743D43F3}
		{D416DFA1-7528-48D0-B846-8C5328AD20F9} = {7D8954E5-8C99-4984-93F1-CEDD4FC231FF}
	EndGlobalSection
	GlobalSection(ExtensibilityGlobals) = postSolution
		SolutionGuid = {423FE328-7BBE-49E3-860F-219E5B118263}
	EndGlobalSection
EndGlobal
